
Microsoft Visual Studio Solution File, Format Version 12.00
# Visual Studio Version 17
VisualStudioVersion = 17.0.31903.59
MinimumVisualStudioVersion = 10.0.40219.1
Project("{2150E333-8FDC-42A3-9474-1A3956D46DE8}") = "src", "src", "{827E0CD3-B72D-47B6-A68D-7590B98EB39B}"
EndProject
Project("{FAE04EC0-301F-11D3-BF4B-00C04F79EFBC}") = "HelpDesk.Domain", "src\HelpDesk.Domain\HelpDesk.Domain.csproj", "{686F449D-F5C7-4F62-AFBE-14453EBD05AF}"
EndProject
Project("{FAE04EC0-301F-11D3-BF4B-00C04F79EFBC}") = "HelpDesk.Application", "src\HelpDesk.Application\HelpDesk.Application.csproj", "{6EC05FE8-D6DC-4D6D-9311-70A53A0D26C3}"
EndProject
Project("{FAE04EC0-301F-11D3-BF4B-00C04F79EFBC}") = "HelpDesk.Infrastructure", "src\HelpDesk.Infrastructure\HelpDesk.Infrastructure.csproj", "{11E83AF5-B40A-49FE-8285-6CB945D26179}"
EndProject
Project("{FAE04EC0-301F-11D3-BF4B-00C04F79EFBC}") = "HelpDesk.Api", "src\HelpDesk.Api\HelpDesk.Api.csproj", "{EF2A8183-8687-4102-AA53-CA690695FC42}"
EndProject
Project("{FAE04EC0-301F-11D3-BF4B-00C04F79EFBC}") = "HelpDesk.Tests", "tests\HelpDesk.Tests\HelpDesk.Tests.csproj", "{C340A4E7-46F0-41D0-BA6A-9E7ADBC4AFE2}"
EndProject
Project("{FAE04EC0-301F-11D3-BF4B-00C04F79EFBC}") = "HelpDesk.IntegrationTests", "tests\HelpDesk.IntegrationTests\HelpDesk.IntegrationTests.csproj", "{A49CFFB8-AE06-433E-973C-AA291BDD9E4A}"
EndProject
Global
	GlobalSection(SolutionConfigurationPlatforms) = preSolution
		Debug|Any CPU = Debug|Any CPU
		Debug|x64 = Debug|x64
		Debug|x86 = Debug|x86
		Release|Any CPU = Release|Any CPU
		Release|x64 = Release|x64
		Release|x86 = Release|x86
	EndGlobalSection
	GlobalSection(ProjectConfigurationPlatforms) = postSolution
		{686F449D-F5C7-4F62-AFBE-14453EBD05AF}.Debug|Any CPU.ActiveCfg = Debug|Any CPU
		{686F449D-F5C7-4F62-AFBE-14453EBD05AF}.Debug|Any CPU.Build.0 = Debug|Any CPU
		{686F449D-F5C7-4F62-AFBE-14453EBD05AF}.Debug|x64.ActiveCfg = Debug|Any CPU
		{686F449D-F5C7-4F62-AFBE-14453EBD05AF}.Debug|x64.Build.0 = Debug|Any CPU
		{686F449D-F5C7-4F62-AFBE-14453EBD05AF}.Debug|x86.ActiveCfg = Debug|Any CPU
		{686F449D-F5C7-4F62-AFBE-14453EBD05AF}.Debug|x86.Build.0 = Debug|Any CPU
		{686F449D-F5C7-4F62-AFBE-14453EBD05AF}.Release|Any CPU.ActiveCfg = Release|Any CPU
		{686F449D-F5C7-4F62-AFBE-14453EBD05AF}.Release|Any CPU.Build.0 = Release|Any CPU
		{686F449D-F5C7-4F62-AFBE-14453EBD05AF}.Release|x64.ActiveCfg = Release|Any CPU
		{686F449D-F5C7-4F62-AFBE-14453EBD05AF}.Release|x64.Build.0 = Release|Any CPU
		{686F449D-F5C7-4F62-AFBE-14453EBD05AF}.Release|x86.ActiveCfg = Release|Any CPU
		{686F449D-F5C7-4F62-AFBE-14453EBD05AF}.Release|x86.Build.0 = Release|Any CPU
		{6EC05FE8-D6DC-4D6D-9311-70A53A0D26C3}.Debug|Any CPU.ActiveCfg = Debug|Any CPU
		{6EC05FE8-D6DC-4D6D-9311-70A53A0D26C3}.Debug|Any CPU.Build.0 = Debug|Any CPU
		{6EC05FE8-D6DC-4D6D-9311-70A53A0D26C3}.Debug|x64.ActiveCfg = Debug|Any CPU
		{6EC05FE8-D6DC-4D6D-9311-70A53A0D26C3}.Debug|x64.Build.0 = Debug|Any CPU
		{6EC05FE8-D6DC-4D6D-9311-70A53A0D26C3}.Debug|x86.ActiveCfg = Debug|Any CPU
		{6EC05FE8-D6DC-4D6D-9311-70A53A0D26C3}.Debug|x86.Build.0 = Debug|Any CPU
		{6EC05FE8-D6DC-4D6D-9311-70A53A0D26C3}.Release|Any CPU.ActiveCfg = Release|Any CPU
		{6EC05FE8-D6DC-4D6D-9311-70A53A0D26C3}.Release|Any CPU.Build.0 = Release|Any CPU
		{6EC05FE8-D6DC-4D6D-9311-70A53A0D26C3}.Release|x64.ActiveCfg = Release|Any CPU
		{6EC05FE8-D6DC-4D6D-9311-70A53A0D26C3}.Release|x64.Build.0 = Release|Any CPU
		{6EC05FE8-D6DC-4D6D-9311-70A53A0D26C3}.Release|x86.ActiveCfg = Release|Any CPU
		{6EC05FE8-D6DC-4D6D-9311-70A53A0D26C3}.Release|x86.Build.0 = Release|Any CPU
		{11E83AF5-B40A-49FE-8285-6CB945D26179}.Debug|Any CPU.ActiveCfg = Debug|Any CPU
		{11E83AF5-B40A-49FE-8285-6CB945D26179}.Debug|Any CPU.Build.0 = Debug|Any CPU
		{11E83AF5-B40A-49FE-8285-6CB945D26179}.Debug|x64.ActiveCfg = Debug|Any CPU
		{11E83AF5-B40A-49FE-8285-6CB945D26179}.Debug|x64.Build.0 = Debug|Any CPU
		{11E83AF5-B40A-49FE-8285-6CB945D26179}.Debug|x86.ActiveCfg = Debug|Any CPU
		{11E83AF5-B40A-49FE-8285-6CB945D26179}.Debug|x86.Build.0 = Debug|Any CPU
		{11E83AF5-B40A-49FE-8285-6CB945D26179}.Release|Any CPU.ActiveCfg = Release|Any CPU
		{11E83AF5-B40A-49FE-8285-6CB945D26179}.Release|Any CPU.Build.0 = Release|Any CPU
		{11E83AF5-B40A-49FE-8285-6CB945D26179}.Release|x64.ActiveCfg = Release|Any CPU
		{11E83AF5-B40A-49FE-8285-6CB945D26179}.Release|x64.Build.0 = Release|Any CPU
		{11E83AF5-B40A-49FE-8285-6CB945D26179}.Release|x86.ActiveCfg = Release|Any CPU
		{11E83AF5-B40A-49FE-8285-6CB945D26179}.Release|x86.Build.0 = Release|Any CPU
		{EF2A8183-8687-4102-AA53-CA690695FC42}.Debug|Any CPU.ActiveCfg = Debug|Any CPU
		{EF2A8183-8687-4102-AA53-CA690695FC42}.Debug|Any CPU.Build.0 = Debug|Any CPU
		{EF2A8183-8687-4102-AA53-CA690695FC42}.Debug|x64.ActiveCfg = Debug|Any CPU
		{EF2A8183-8687-4102-AA53-CA690695FC42}.Debug|x64.Build.0 = Debug|Any CPU
		{EF2A8183-8687-4102-AA53-CA690695FC42}.Debug|x86.ActiveCfg = Debug|Any CPU
		{EF2A8183-8687-4102-AA53-CA690695FC42}.Debug|x86.Build.0 = Debug|Any CPU
		{EF2A8183-8687-4102-AA53-CA690695FC42}.Release|Any CPU.ActiveCfg = Release|Any CPU
		{EF2A8183-8687-4102-AA53-CA690695FC42}.Release|Any CPU.Build.0 = Release|Any CPU
		{EF2A8183-8687-4102-AA53-CA690695FC42}.Release|x64.ActiveCfg = Release|Any CPU
		{EF2A8183-8687-4102-AA53-CA690695FC42}.Release|x64.Build.0 = Release|Any CPU
		{EF2A8183-8687-4102-AA53-CA690695FC42}.Release|x86.ActiveCfg = Release|Any CPU
		{EF2A8183-8687-4102-AA53-CA690695FC42}.Release|x86.Build.0 = Release|Any CPU
		{C340A4E7-46F0-41D0-BA6A-9E7ADBC4AFE2}.Debug|Any CPU.ActiveCfg = Debug|Any CPU
		{C340A4E7-46F0-41D0-BA6A-9E7ADBC4AFE2}.Debug|Any CPU.Build.0 = Debug|Any CPU
		{C340A4E7-46F0-41D0-BA6A-9E7ADBC4AFE2}.Debug|x64.ActiveCfg = Debug|Any CPU
		{C340A4E7-46F0-41D0-BA6A-9E7ADBC4AFE2}.Debug|x64.Build.0 = Debug|Any CPU
		{C340A4E7-46F0-41D0-BA6A-9E7ADBC4AFE2}.Debug|x86.ActiveCfg = Debug|Any CPU
		{C340A4E7-46F0-41D0-BA6A-9E7ADBC4AFE2}.Debug|x86.Build.0 = Debug|Any CPU
		{C340A4E7-46F0-41D0-BA6A-9E7ADBC4AFE2}.Release|Any CPU.ActiveCfg = Release|Any CPU
		{C340A4E7-46F0-41D0-BA6A-9E7ADBC4AFE2}.Release|Any CPU.Build.0 = Release|Any CPU
		{C340A4E7-46F0-41D0-BA6A-9E7ADBC4AFE2}.Release|x64.ActiveCfg = Release|Any CPU
		{C340A4E7-46F0-41D0-BA6A-9E7ADBC4AFE2}.Release|x64.Build.0 = Release|Any CPU
		{C340A4E7-46F0-41D0-BA6A-9E7ADBC4AFE2}.Release|x86.ActiveCfg = Release|Any CPU
		{C340A4E7-46F0-41D0-BA6A-9E7ADBC4AFE2}.Release|x86.Build.0 = Release|Any CPU
		{A49CFFB8-AE06-433E-973C-AA291BDD9E4A}.Debug|Any CPU.ActiveCfg = Debug|Any CPU
		{A49CFFB8-AE06-433E-973C-AA291BDD9E4A}.Debug|Any CPU.Build.0 = Debug|Any CPU
		{A49CFFB8-AE06-433E-973C-AA291BDD9E4A}.Debug|x64.ActiveCfg = Debug|Any CPU
		{A49CFFB8-AE06-433E-973C-AA291BDD9E4A}.Debug|x64.Build.0 = Debug|Any CPU
		{A49CFFB8-AE06-433E-973C-AA291BDD9E4A}.Debug|x86.ActiveCfg = Debug|Any CPU
		{A49CFFB8-AE06-433E-973C-AA291BDD9E4A}.Debug|x86.Build.0 = Debug|Any CPU
		{A49CFFB8-AE06-433E-973C-AA291BDD9E4A}.Release|Any CPU.ActiveCfg = Release|Any CPU
		{A49CFFB8-AE06-433E-973C-AA291BDD9E4A}.Release|Any CPU.Build.0 = Release|Any CPU
		{A49CFFB8-AE06-433E-973C-AA291BDD9E4A}.Release|x64.ActiveCfg = Release|Any CPU
		{A49CFFB8-AE06-433E-973C-AA291BDD9E4A}.Release|x64.Build.0 = Release|Any CPU
		{A49CFFB8-AE06-433E-973C-AA291BDD9E4A}.Release|x86.ActiveCfg = Release|Any CPU
		{A49CFFB8-AE06-433E-973C-AA291BDD9E4A}.Release|x86.Build.0 = Release|Any CPU
	EndGlobalSection
	GlobalSection(SolutionProperties) = preSolution
		HideSolutionNode = FALSE
	EndGlobalSection
	GlobalSection(NestedProjects) = preSolution
		{686F449D-F5C7-4F62-AFBE-14453EBD05AF} = {827E0CD3-B72D-47B6-A68D-7590B98EB39B}
		{6EC05FE8-D6DC-4D6D-9311-70A53A0D26C3} = {827E0CD3-B72D-47B6-A68D-7590B98EB39B}
		{11E83AF5-B40A-49FE-8285-6CB945D26179} = {827E0CD3-B72D-47B6-A68D-7590B98EB39B}
		{EF2A8183-8687-4102-AA53-CA690695FC42} = {827E0CD3-B72D-47B6-A68D-7590B98EB39B}
		{C340A4E7-46F0-41D0-BA6A-9E7ADBC4AFE2} = {827E0CD3-B72D-47B6-A68D-7590B98EB39B}
		{A49CFFB8-AE06-433E-973C-AA291BDD9E4A} = {827E0CD3-B72D-47B6-A68D-7590B98EB39B}
	EndGlobalSection
EndGlobal
